Microsoft Visual Studio Solution File, Format Version 12.00
# Visual Studio 15
VisualStudioVersion = 15.0.28307.106
MinimumVisualStudioVersion = 10.0.40219.1
Project("{9A19103F-16F7-4668-BE54-9A1E7A4F7556}") = "MyOptix", "MyOptix.csproj", "{DF7CB38E-3AC8-9E70-9013-3C92CDBDE19C}"
EndProject
Global
    GlobalSection(SolutionConfigurationPlatforms) = preSolution
        Debug|Any CPU = Debug|Any CPU
        Release|Any CPU = Release|Any CPU
    EndGlobalSection
    GlobalSection(ProjectConfigurationPlatforms) = postSolution
        {DF7CB38E-3AC8-9E70-9013-3C92CDBDE19C}.Debug|Any CPU.ActiveCfg = Debug|Any CPU
        {DF7CB38E-3AC8-9E70-9013-3C92CDBDE19C}.Debug|Any CPU.Build.0 = Debug|Any CPU
        {DF7CB38E-3AC8-9E70-9013-3C92CDBDE19C}.Release|Any CPU.ActiveCfg = Release|Any CPU
        {DF7CB38E-3AC8-9E70-9013-3C92CDBDE19C}.Release|Any CPU.Build.0 = Release|Any CPU
    EndGlobalSection
    GlobalSection(SolutionProperties) = preSolution
        HideSolutionNode = FALSE
    EndGlobalSection
EndGlobal
